
Microsoft Visual Studio Solution File, Format Version 12.00
# Visual Studio Version 17
VisualStudioVersion = 17.5.33530.505
MinimumVisualStudioVersion = 10.0.40219.1
Project("{FAE04EC0-301F-11D3-BF4B-00C04F79EFBC}") = "APIFactura", "APIFactura\APIFactura.csproj", "{0459574C-00C0-4579-8AA3-0C3E802EC912}"
EndProject
Global
	GlobalSection(SolutionConfigurationPlatforms) = preSolution
		Debug|Any CPU = Debug|Any CPU
		Release|Any CPU = Release|Any CPU
	EndGlobalSection
	GlobalSection(ProjectConfigurationPlatforms) = postSolution
		{0459574C-00C0-4579-8AA3-0C3E802EC912}.Debug|Any CPU.ActiveCfg = Debug|Any CPU
		{0459574C-00C0-4579-8AA3-0C3E802EC912}.Debug|Any CPU.Build.0 = Debug|Any CPU
		{0459574C-00C0-4579-8AA3-0C3E802EC912}.Release|Any CPU.ActiveCfg = Release|Any CPU
		{0459574C-00C0-4579-8AA3-0C3E802EC912}.Release|Any CPU.Build.0 = Release|Any CPU
	EndGlobalSection
	GlobalSection(SolutionProperties) = preSolution
		HideSolutionNode = FALSE
	EndGlobalSection
	GlobalSection(ExtensibilityGlobals) = postSolution
		SolutionGuid = {BA292C72-6B23-4EAC-B942-66A307DFC7D7}
	EndGlobalSection
EndGlobal
